
Microsoft Visual Studio Solution File, Format Version 12.00
# Visual Studio Version 16
VisualStudioVersion = 16.6.30114.105
MinimumVisualStudioVersion = 10.0.40219.1
Project("{2150E333-8FDC-42A3-9474-1A3956D46DE8}") = "MicroRabbit", "MicroRabbit", "{9F124E49-5CD3-47B6-9817-F60C42E696D8}"
EndProject
Project("{9A19103F-16F7-4668-BE54-9A1E7A4F7556}") = "MicroRabbit.Domain", "MicroRabbit\MicroRabbit.Domain\MicroRabbit.Domain.csproj", "{B13EBD7A-6D5B-48EA-BC91-B3331A5948FE}"
EndProject
Project("{9A19103F-16F7-4668-BE54-9A1E7A4F7556}") = "MicroRabbit.Infra.Bus", "MicroRabbit\MicroRabbit.Infra.Bus\MicroRabbit.Infra.Bus.csproj", "{3DA03352-E964-4C56-8146-C8577D990472}"
EndProject
Project("{9A19103F-16F7-4668-BE54-9A1E7A4F7556}") = "MicroRabbit.Infra.IoC", "MicroRabbit\MicroRabbit.Infra.IoC\MicroRabbit.Infra.IoC.csproj", "{594A59C8-FE2B-4268-B964-6ACF2551EC41}"
EndProject
Project("{2150E333-8FDC-42A3-9474-1A3956D46DE8}") = "MicroServices", "MicroServices", "{558F28B3-7082-459A-AC16-439FA23B3585}"
EndProject
Project("{2150E333-8FDC-42A3-9474-1A3956D46DE8}") = "Banking", "Banking", "{1E27DE0D-89A4-435B-A90C-235F7308708F}"
EndProject
Project("{9A19103F-16F7-4668-BE54-9A1E7A4F7556}") = "MicroRabbit.Banking.Api", "Microservices\Banking\MicroRabbit.Banking.Api\MicroRabbit.Banking.Api.csproj", "{EEDEEE3D-E638-4C77-9095-50B3973AF6FB}"
EndProject
Project("{9A19103F-16F7-4668-BE54-9A1E7A4F7556}") = "MicroRabbit.Banking.Application", "Microservices\Banking\MicroRabbit.Banking.Application\MicroRabbit.Banking.Application.csproj", "{87444940-4E10-4E73-AB52-2EEFC1638B0B}"
EndProject
Project("{9A19103F-16F7-4668-BE54-9A1E7A4F7556}") = "MicroRabbit.Banking.Data", "Microservices\Banking\MicroRabbit.Banking.Data\MicroRabbit.Banking.Data.csproj", "{EDB42FC4-A9AD-4793-83A8-F1B75724D272}"
EndProject
Project("{9A19103F-16F7-4668-BE54-9A1E7A4F7556}") = "MicroRabbit.Banking.Domain", "Microservices\Banking\MicroRabbit.Banking.Domain\MicroRabbit.Banking.Domain.csproj", "{BBE2285C-5DA6-465F-ADF5-996B7E79DDD8}"
EndProject
Project("{2150E333-8FDC-42A3-9474-1A3956D46DE8}") = "Transfer", "Transfer", "{5F6C26F1-D97B-4E45-8077-71A16BA544A8}"
EndProject
Project("{9A19103F-16F7-4668-BE54-9A1E7A4F7556}") = "MicroRabbit.Transfer.Api", "Microservices\Transfer\MicroRabbit.Transfer.Api\MicroRabbit.Transfer.Api.csproj", "{EBB74B0D-A721-488B-9EAB-AD1CD063DE5C}"
EndProject
Project("{9A19103F-16F7-4668-BE54-9A1E7A4F7556}") = "MicroRabbit.Transfer.Application", "Microservices\Transfer\MicroRabbit.Transfer.Application\MicroRabbit.Transfer.Application.csproj", "{A911B9F8-4181-424A-9933-C7F76972A9A3}"
EndProject
Project("{9A19103F-16F7-4668-BE54-9A1E7A4F7556}") = "MicroRabbit.Transfer.Data", "Microservices\Transfer\MicroRabbit.Transfer.Data\MicroRabbit.Transfer.Data.csproj", "{A5D862D1-A20B-47C2-BCCC-6153B5CEF420}"
EndProject
Project("{9A19103F-16F7-4668-BE54-9A1E7A4F7556}") = "MicroRabbit.Transfer.Domain", "Microservices\Transfer\MicroRabbit.Transfer.Domain\MicroRabbit.Transfer.Domain.csproj", "{9E6F9A9C-040C-4F0E-BDAF-DBF0E1766E9C}"
EndProject
Project("{2150E333-8FDC-42A3-9474-1A3956D46DE8}") = "Presentation", "Presentation", "{E9C13C19-A983-4F84-B2E8-1C307F0971F1}"
EndProject
Project("{9A19103F-16F7-4668-BE54-9A1E7A4F7556}") = "MicroRabbit.MVC", "Presentation\MicroRabbit.MVC\MicroRabbit.MVC.csproj", "{CE667A82-267B-4BC9-A042-A86CF105B42A}"
EndProject
Global
	GlobalSection(SolutionConfigurationPlatforms) = preSolution
		Debug|Any CPU = Debug|Any CPU
		Debug|x64 = Debug|x64
		Debug|x86 = Debug|x86
		Release|Any CPU = Release|Any CPU
		Release|x64 = Release|x64
		Release|x86 = Release|x86
	EndGlobalSection
	GlobalSection(ProjectConfigurationPlatforms) = postSolution
		{B13EBD7A-6D5B-48EA-BC91-B3331A5948FE}.Debug|Any CPU.ActiveCfg = Debug|Any CPU
		{B13EBD7A-6D5B-48EA-BC91-B3331A5948FE}.Debug|Any CPU.Build.0 = Debug|Any CPU
		{B13EBD7A-6D5B-48EA-BC91-B3331A5948FE}.Debug|x64.ActiveCfg = Debug|Any CPU
		{B13EBD7A-6D5B-48EA-BC91-B3331A5948FE}.Debug|x64.Build.0 = Debug|Any CPU
		{B13EBD7A-6D5B-48EA-BC91-B3331A5948FE}.Debug|x86.ActiveCfg = Debug|Any CPU
		{B13EBD7A-6D5B-48EA-BC91-B3331A5948FE}.Debug|x86.Build.0 = Debug|Any CPU
		{B13EBD7A-6D5B-48EA-BC91-B3331A5948FE}.Release|Any CPU.ActiveCfg = Release|Any CPU
		{B13EBD7A-6D5B-48EA-BC91-B3331A5948FE}.Release|Any CPU.Build.0 = Release|Any CPU
		{B13EBD7A-6D5B-48EA-BC91-B3331A5948FE}.Release|x64.ActiveCfg = Release|Any CPU
		{B13EBD7A-6D5B-48EA-BC91-B3331A5948FE}.Release|x64.Build.0 = Release|Any CPU
		{B13EBD7A-6D5B-48EA-BC91-B3331A5948FE}.Release|x86.ActiveCfg = Release|Any CPU
		{B13EBD7A-6D5B-48EA-BC91-B3331A5948FE}.Release|x86.Build.0 = Release|Any CPU
		{3DA03352-E964-4C56-8146-C8577D990472}.Debug|Any CPU.ActiveCfg = Debug|Any CPU
		{3DA03352-E964-4C56-8146-C8577D990472}.Debug|Any CPU.Build.0 = Debug|Any CPU
		{3DA03352-E964-4C56-8146-C8577D990472}.Debug|x64.ActiveCfg = Debug|Any CPU
		{3DA03352-E964-4C56-8146-C8577D990472}.Debug|x64.Build.0 = Debug|Any CPU
		{3DA03352-E964-4C56-8146-C8577D990472}.Debug|x86.ActiveCfg = Debug|Any CPU
		{3DA03352-E964-4C56-8146-C8577D990472}.Debug|x86.Build.0 = Debug|Any CPU
		{3DA03352-E964-4C56-8146-C8577D990472}.Release|Any CPU.ActiveCfg = Release|Any CPU
		{3DA03352-E964-4C56-8146-C8577D990472}.Release|Any CPU.Build.0 = Release|Any CPU
		{3DA03352-E964-4C56-8146-C8577D990472}.Release|x64.ActiveCfg = Release|Any CPU
		{3DA03352-E964-4C56-8146-C8577D990472}.Release|x64.Build.0 = Release|Any CPU
		{3DA03352-E964-4C56-8146-C8577D990472}.Release|x86.ActiveCfg = Release|Any CPU
		{3DA03352-E964-4C56-8146-C8577D990472}.Release|x86.Build.0 = Release|Any CPU
		{594A59C8-FE2B-4268-B964-6ACF2551EC41}.Debug|Any CPU.ActiveCfg = Debug|Any CPU
		{594A59C8-FE2B-4268-B964-6ACF2551EC41}.Debug|Any CPU.Build.0 = Debug|Any CPU
		{594A59C8-FE2B-4268-B964-6ACF2551EC41}.Debug|x64.ActiveCfg = Debug|Any CPU
		{594A59C8-FE2B-4268-B964-6ACF2551EC41}.Debug|x64.Build.0 = Debug|Any CPU
		{594A59C8-FE2B-4268-B964-6ACF2551EC41}.Debug|x86.ActiveCfg = Debug|Any CPU
		{594A59C8-FE2B-4268-B964-6ACF2551EC41}.Debug|x86.Build.0 = Debug|Any CPU
		{594A59C8-FE2B-4268-B964-6ACF2551EC41}.Release|Any CPU.ActiveCfg = Release|Any CPU
		{594A59C8-FE2B-4268-B964-6ACF2551EC41}.Release|Any CPU.Build.0 = Release|Any CPU
		{594A59C8-FE2B-4268-B964-6ACF2551EC41}.Release|x64.ActiveCfg = Release|Any CPU
		{594A59C8-FE2B-4268-B964-6ACF2551EC41}.Release|x64.Build.0 = Release|Any CPU
		{594A59C8-FE2B-4268-B964-6ACF2551EC41}.Release|x86.ActiveCfg = Release|Any CPU
		{594A59C8-FE2B-4268-B964-6ACF2551EC41}.Release|x86.Build.0 = Release|Any CPU
		{EEDEEE3D-E638-4C77-9095-50B3973AF6FB}.Debug|Any CPU.ActiveCfg = Debug|Any CPU
		{EEDEEE3D-E638-4C77-9095-50B3973AF6FB}.Debug|Any CPU.Build.0 = Debug|Any CPU
		{EEDEEE3D-E638-4C77-9095-50B3973AF6FB}.Debug|x64.ActiveCfg = Debug|Any CPU
		{EEDEEE3D-E638-4C77-9095-50B3973AF6FB}.Debug|x64.Build.0 = Debug|Any CPU
		{EEDEEE3D-E638-4C77-9095-50B3973AF6FB}.Debug|x86.ActiveCfg = Debug|Any CPU
		{EEDEEE3D-E638-4C77-9095-50B3973AF6FB}.Debug|x86.Build.0 = Debug|Any CPU
		{EEDEEE3D-E638-4C77-9095-50B3973AF6FB}.Release|Any CPU.ActiveCfg = Release|Any CPU
		{EEDEEE3D-E638-4C77-9095-50B3973AF6FB}.Release|Any CPU.Build.0 = Release|Any CPU
		{EEDEEE3D-E638-4C77-9095-50B3973AF6FB}.Release|x64.ActiveCfg = Release|Any CPU
		{EEDEEE3D-E638-4C77-9095-50B3973AF6FB}.Release|x64.Build.0 = Release|Any CPU
		{EEDEEE3D-E638-4C77-9095-50B3973AF6FB}.Release|x86.ActiveCfg = Release|Any CPU
		{EEDEEE3D-E638-4C77-9095-50B3973AF6FB}.Release|x86.Build.0 = Release|Any CPU
		{87444940-4E10-4E73-AB52-2EEFC1638B0B}.Debug|Any CPU.ActiveCfg = Debug|Any CPU
		{87444940-4E10-4E73-AB52-2EEFC1638B0B}.Debug|Any CPU.Build.0 = Debug|Any CPU
		{87444940-4E10-4E73-AB52-2EEFC1638B0B}.Debug|x64.ActiveCfg = Debug|Any CPU
		{87444940-4E10-4E73-AB52-2EEFC1638B0B}.Debug|x64.Build.0 = Debug|Any CPU
		{87444940-4E10-4E73-AB52-2EEFC1638B0B}.Debug|x86.ActiveCfg = Debug|Any CPU
		{87444940-4E10-4E73-AB52-2EEFC1638B0B}.Debug|x86.Build.0 = Debug|Any CPU
		{87444940-4E10-4E73-AB52-2EEFC1638B0B}.Release|Any CPU.ActiveCfg = Release|Any CPU
		{87444940-4E10-4E73-AB52-2EEFC1638B0B}.Release|Any CPU.Build.0 = Release|Any CPU
		{87444940-4E10-4E73-AB52-2EEFC1638B0B}.Release|x64.ActiveCfg = Release|Any CPU
		{87444940-4E10-4E73-AB52-2EEFC1638B0B}.Release|x64.Build.0 = Release|Any CPU
		{87444940-4E10-4E73-AB52-2EEFC1638B0B}.Release|x86.ActiveCfg = Release|Any CPU
		{87444940-4E10-4E73-AB52-2EEFC1638B0B}.Release|x86.Build.0 = Release|Any CPU
		{EDB42FC4-A9AD-4793-83A8-F1B75724D272}.Debug|Any CPU.ActiveCfg = Debug|Any CPU
		{EDB42FC4-A9AD-4793-83A8-F1B75724D272}.Debug|Any CPU.Build.0 = Debug|Any CPU
		{EDB42FC4-A9AD-4793-83A8-F1B75724D272}.Debug|x64.ActiveCfg = Debug|Any CPU
		{EDB42FC4-A9AD-4793-83A8-F1B75724D272}.Debug|x64.Build.0 = Debug|Any CPU
		{EDB42FC4-A9AD-4793-83A8-F1B75724D272}.Debug|x86.ActiveCfg = Debug|Any CPU
		{EDB42FC4-A9AD-4793-83A8-F1B75724D272}.Debug|x86.Build.0 = Debug|Any CPU
		{EDB42FC4-A9AD-4793-83A8-F1B75724D272}.Release|Any CPU.ActiveCfg = Release|Any CPU
		{EDB42FC4-A9AD-4793-83A8-F1B75724D272}.Release|Any CPU.Build.0 = Release|Any CPU
		{EDB42FC4-A9AD-4793-83A8-F1B75724D272}.Release|x64.ActiveCfg = Release|Any CPU
		{EDB42FC4-A9AD-4793-83A8-F1B75724D272}.Release|x64.Build.0 = Release|Any CPU
		{EDB42FC4-A9AD-4793-83A8-F1B75724D272}.Release|x86.ActiveCfg = Release|Any CPU
		{EDB42FC4-A9AD-4793-83A8-F1B75724D272}.Release|x86.Build.0 = Release|Any CPU
		{BBE2285C-5DA6-465F-ADF5-996B7E79DDD8}.Debug|Any CPU.ActiveCfg = Debug|Any CPU
		{BBE2285C-5DA6-465F-ADF5-996B7E79DDD8}.Debug|Any CPU.Build.0 = Debug|Any CPU
		{BBE2285C-5DA6-465F-ADF5-996B7E79DDD8}.Debug|x64.ActiveCfg = Debug|Any CPU
		{BBE2285C-5DA6-465F-ADF5-996B7E79DDD8}.Debug|x64.Build.0 = Debug|Any CPU
		{BBE2285C-5DA6-465F-ADF5-996B7E79DDD8}.Debug|x86.ActiveCfg = Debug|Any CPU
		{BBE2285C-5DA6-465F-ADF5-996B7E79DDD8}.Debug|x86.Build.0 = Debug|Any CPU
		{BBE2285C-5DA6-465F-ADF5-996B7E79DDD8}.Release|Any CPU.ActiveCfg = Release|Any CPU
		{BBE2285C-5DA6-465F-ADF5-996B7E79DDD8}.Release|Any CPU.Build.0 = Release|Any CPU
		{BBE2285C-5DA6-465F-ADF5-996B7E79DDD8}.Release|x64.ActiveCfg = Release|Any CPU
		{BBE2285C-5DA6-465F-ADF5-996B7E79DDD8}.Release|x64.Build.0 = Release|Any CPU
		{BBE2285C-5DA6-465F-ADF5-996B7E79DDD8}.Release|x86.ActiveCfg = Release|Any CPU
		{BBE2285C-5DA6-465F-ADF5-996B7E79DDD8}.Release|x86.Build.0 = Release|Any CPU
		{EBB74B0D-A721-488B-9EAB-AD1CD063DE5C}.Debug|Any CPU.ActiveCfg = Debug|Any CPU
		{EBB74B0D-A721-488B-9EAB-AD1CD063DE5C}.Debug|Any CPU.Build.0 = Debug|Any CPU
		{EBB74B0D-A721-488B-9EAB-AD1CD063DE5C}.Debug|x64.ActiveCfg = Debug|Any CPU
		{EBB74B0D-A721-488B-9EAB-AD1CD063DE5C}.Debug|x64.Build.0 = Debug|Any CPU
		{EBB74B0D-A721-488B-9EAB-AD1CD063DE5C}.Debug|x86.ActiveCfg = Debug|Any CPU
		{EBB74B0D-A721-488B-9EAB-AD1CD063DE5C}.Debug|x86.Build.0 = Debug|Any CPU
		{EBB74B0D-A721-488B-9EAB-AD1CD063DE5C}.Release|Any CPU.ActiveCfg = Release|Any CPU
		{EBB74B0D-A721-488B-9EAB-AD1CD063DE5C}.Release|Any CPU.Build.0 = Release|Any CPU
		{EBB74B0D-A721-488B-9EAB-AD1CD063DE5C}.Release|x64.ActiveCfg = Release|Any CPU
		{EBB74B0D-A721-488B-9EAB-AD1CD063DE5C}.Release|x64.Build.0 = Release|Any CPU
		{EBB74B0D-A721-488B-9EAB-AD1CD063DE5C}.Release|x86.ActiveCfg = Release|Any CPU
		{EBB74B0D-A721-488B-9EAB-AD1CD063DE5C}.Release|x86.Build.0 = Release|Any CPU
		{A911B9F8-4181-424A-9933-C7F76972A9A3}.Debug|Any CPU.ActiveCfg = Debug|Any CPU
		{A911B9F8-4181-424A-9933-C7F76972A9A3}.Debug|Any CPU.Build.0 = Debug|Any CPU
		{A911B9F8-4181-424A-9933-C7F76972A9A3}.Debug|x64.ActiveCfg = Debug|Any CPU
		{A911B9F8-4181-424A-9933-C7F76972A9A3}.Debug|x64.Build.0 = Debug|Any CPU
		{A911B9F8-4181-424A-9933-C7F76972A9A3}.Debug|x86.ActiveCfg = Debug|Any CPU
		{A911B9F8-4181-424A-9933-C7F76972A9A3}.Debug|x86.Build.0 = Debug|Any CPU
		{A911B9F8-4181-424A-9933-C7F76972A9A3}.Release|Any CPU.ActiveCfg = Release|Any CPU
		{A911B9F8-4181-424A-9933-C7F76972A9A3}.Release|Any CPU.Build.0 = Release|Any CPU
		{A911B9F8-4181-424A-9933-C7F76972A9A3}.Release|x64.ActiveCfg = Release|Any CPU
		{A911B9F8-4181-424A-9933-C7F76972A9A3}.Release|x64.Build.0 = Release|Any CPU
		{A911B9F8-4181-424A-9933-C7F76972A9A3}.Release|x86.ActiveCfg = Release|Any CPU
		{A911B9F8-4181-424A-9933-C7F76972A9A3}.Release|x86.Build.0 = Release|Any CPU
		{A5D862D1-A20B-47C2-BCCC-6153B5CEF420}.Debug|Any CPU.ActiveCfg = Debug|Any CPU
		{A5D862D1-A20B-47C2-BCCC-6153B5CEF420}.Debug|Any CPU.Build.0 = Debug|Any CPU
		{A5D862D1-A20B-47C2-BCCC-6153B5CEF420}.Debug|x64.ActiveCfg = Debug|Any CPU
		{A5D862D1-A20B-47C2-BCCC-6153B5CEF420}.Debug|x64.Build.0 = Debug|Any CPU
		{A5D862D1-A20B-47C2-BCCC-6153B5CEF420}.Debug|x86.ActiveCfg = Debug|Any CPU
		{A5D862D1-A20B-47C2-BCCC-6153B5CEF420}.Debug|x86.Build.0 = Debug|Any CPU
		{A5D862D1-A20B-47C2-BCCC-6153B5CEF420}.Release|Any CPU.ActiveCfg = Release|Any CPU
		{A5D862D1-A20B-47C2-BCCC-6153B5CEF420}.Release|Any CPU.Build.0 = Release|Any CPU
		{A5D862D1-A20B-47C2-BCCC-6153B5CEF420}.Release|x64.ActiveCfg = Release|Any CPU
		{A5D862D1-A20B-47C2-BCCC-6153B5CEF420}.Release|x64.Build.0 = Release|Any CPU
		{A5D862D1-A20B-47C2-BCCC-6153B5CEF420}.Release|x86.ActiveCfg = Release|Any CPU
		{A5D862D1-A20B-47C2-BCCC-6153B5CEF420}.Release|x86.Build.0 = Release|Any CPU
		{9E6F9A9C-040C-4F0E-BDAF-DBF0E1766E9C}.Debug|Any CPU.ActiveCfg = Debug|Any CPU
		{9E6F9A9C-040C-4F0E-BDAF-DBF0E1766E9C}.Debug|Any CPU.Build.0 = Debug|Any CPU
		{9E6F9A9C-040C-4F0E-BDAF-DBF0E1766E9C}.Debug|x64.ActiveCfg = Debug|Any CPU
		{9E6F9A9C-040C-4F0E-BDAF-DBF0E1766E9C}.Debug|x64.Build.0 = Debug|Any CPU
		{9E6F9A9C-040C-4F0E-BDAF-DBF0E1766E9C}.Debug|x86.ActiveCfg = Debug|Any CPU
		{9E6F9A9C-040C-4F0E-BDAF-DBF0E1766E9C}.Debug|x86.Build.0 = Debug|Any CPU
		{9E6F9A9C-040C-4F0E-BDAF-DBF0E1766E9C}.Release|Any CPU.ActiveCfg = Release|Any CPU
		{9E6F9A9C-040C-4F0E-BDAF-DBF0E1766E9C}.Release|Any CPU.Build.0 = Release|Any CPU
		{9E6F9A9C-040C-4F0E-BDAF-DBF0E1766E9C}.Release|x64.ActiveCfg = Release|Any CPU
		{9E6F9A9C-040C-4F0E-BDAF-DBF0E1766E9C}.Release|x64.Build.0 = Release|Any CPU
		{9E6F9A9C-040C-4F0E-BDAF-DBF0E1766E9C}.Release|x86.ActiveCfg = Release|Any CPU
		{9E6F9A9C-040C-4F0E-BDAF-DBF0E1766E9C}.Release|x86.Build.0 = Release|Any CPU
		{CE667A82-267B-4BC9-A042-A86CF105B42A}.Debug|Any CPU.ActiveCfg = Debug|Any CPU
		{CE667A82-267B-4BC9-A042-A86CF105B42A}.Debug|Any CPU.Build.0 = Debug|Any CPU
		{CE667A82-267B-4BC9-A042-A86CF105B42A}.Debug|x64.ActiveCfg = Debug|Any CPU
		{CE667A82-267B-4BC9-A042-A86CF105B42A}.Debug|x64.Build.0 = Debug|Any CPU
		{CE667A82-267B-4BC9-A042-A86CF105B42A}.Debug|x86.ActiveCfg = Debug|Any CPU
		{CE667A82-267B-4BC9-A042-A86CF105B42A}.Debug|x86.Build.0 = Debug|Any CPU
		{CE667A82-267B-4BC9-A042-A86CF105B42A}.Release|Any CPU.ActiveCfg = Release|Any CPU
		{CE667A82-267B-4BC9-A042-A86CF105B42A}.Release|Any CPU.Build.0 = Release|Any CPU
		{CE667A82-267B-4BC9-A042-A86CF105B42A}.Release|x64.ActiveCfg = Release|Any CPU
		{CE667A82-267B-4BC9-A042-A86CF105B42A}.Release|x64.Build.0 = Release|Any CPU
		{CE667A82-267B-4BC9-A042-A86CF105B42A}.Release|x86.ActiveCfg = Release|Any CPU
		{CE667A82-267B-4BC9-A042-A86CF105B42A}.Release|x86.Build.0 = Release|Any CPU
	EndGlobalSection
	GlobalSection(SolutionProperties) = preSolution
		HideSolutionNode = FALSE
	EndGlobalSection
	GlobalSection(NestedProjects) = preSolution
		{B13EBD7A-6D5B-48EA-BC91-B3331A5948FE} = {9F124E49-5CD3-47B6-9817-F60C42E696D8}
		{3DA03352-E964-4C56-8146-C8577D990472} = {9F124E49-5CD3-47B6-9817-F60C42E696D8}
		{594A59C8-FE2B-4268-B964-6ACF2551EC41} = {9F124E49-5CD3-47B6-9817-F60C42E696D8}
		{1E27DE0D-89A4-435B-A90C-235F7308708F} = {558F28B3-7082-459A-AC16-439FA23B3585}
		{EEDEEE3D-E638-4C77-9095-50B3973AF6FB} = {1E27DE0D-89A4-435B-A90C-235F7308708F}
		{87444940-4E10-4E73-AB52-2EEFC1638B0B} = {1E27DE0D-89A4-435B-A90C-235F7308708F}
		{EDB42FC4-A9AD-4793-83A8-F1B75724D272} = {1E27DE0D-89A4-435B-A90C-235F7308708F}
		{BBE2285C-5DA6-465F-ADF5-996B7E79DDD8} = {1E27DE0D-89A4-435B-A90C-235F7308708F}
		{5F6C26F1-D97B-4E45-8077-71A16BA544A8} = {558F28B3-7082-459A-AC16-439FA23B3585}
		{EBB74B0D-A721-488B-9EAB-AD1CD063DE5C} = {5F6C26F1-D97B-4E45-8077-71A16BA544A8}
		{A911B9F8-4181-424A-9933-C7F76972A9A3} = {5F6C26F1-D97B-4E45-8077-71A16BA544A8}
		{A5D862D1-A20B-47C2-BCCC-6153B5CEF420} = {5F6C26F1-D97B-4E45-8077-71A16BA544A8}
		{9E6F9A9C-040C-4F0E-BDAF-DBF0E1766E9C} = {5F6C26F1-D97B-4E45-8077-71A16BA544A8}
		{CE667A82-267B-4BC9-A042-A86CF105B42A} = {E9C13C19-A983-4F84-B2E8-1C307F0971F1}
	EndGlobalSection
	GlobalSection(ExtensibilityGlobals) = postSolution
		SolutionGuid = {60438EF3-9873-4794-B470-DCA696E6B927}
	EndGlobalSection
EndGlobal
